
Microsoft Visual Studio Solution File, Format Version 12.00
# Visual Studio 15
VisualStudioVersion = 15.0.27428.2005
MinimumVisualStudioVersion = 10.0.40219.1
Project("{9A19103F-16F7-4668-BE54-9A1E7A4F7556}") = "ES.FX.Vies", "ES.FX.Vies\ES.FX.Vies.csproj", "{E1731C56-464D-4B77-B245-04C0677C32D6}"
EndProject
Global
	GlobalSection(SolutionConfigurationPlatforms) = preSolution
		Debug|Any CPU = Debug|Any CPU
		Release|Any CPU = Release|Any CPU
	EndGlobalSection
	GlobalSection(ProjectConfigurationPlatforms) = postSolution
		{E1731C56-464D-4B77-B245-04C0677C32D6}.Debug|Any CPU.ActiveCfg = Debug|Any CPU
		{E1731C56-464D-4B77-B245-04C0677C32D6}.Debug|Any CPU.Build.0 = Debug|Any CPU
		{E1731C56-464D-4B77-B245-04C0677C32D6}.Release|Any CPU.ActiveCfg = Release|Any CPU
		{E1731C56-464D-4B77-B245-04C0677C32D6}.Release|Any CPU.Build.0 = Release|Any CPU
	EndGlobalSection
	GlobalSection(SolutionProperties) = preSolution
		HideSolutionNode = FALSE
	EndGlobalSection
	GlobalSection(ExtensibilityGlobals) = postSolution
		SolutionGuid = {0BAFA5F3-2952-4C0B-9C65-E5300C703CB8}
	EndGlobalSection
EndGlobal
